{
    "name": "mm_config",
    "version": "1.0.7",
    "lockfileVersion": 2,
    "requires": true,
    "packages": {
        "": {
            "name": "mm_config",
            "version": "1.0.7",
            "license": "ISC",
            "dependencies": {
                "json5": "^2.2.3",
                "mm_expand": "^1.5.4"
            }
        },
        "node_modules/fast-xml-parser": {
            "version": "3.21.1",
            "resolved": "https://registry.npmjs.org/fast-xml-parser/-/fast-xml-parser-3.21.1.tgz",
            "integrity": "sha512-FTFVjYoBOZTJekiUsawGsSYV9QL0A+zDYCRj7y34IO6Jg+2IMYEtQa+bbictpdpV8dHxXywqU7C0gRDEOFtBFg==",
            "dependencies": {
                "strnum": "^1.0.4"
            },
            "bin": {
                "xml2js": "cli.js"
            },
            "funding": {
                "type": "paypal",
                "url": "https://paypal.me/naturalintelligence"
            }
        },
        "node_modules/json5": {
            "version": "2.2.3",
            "resolved": "https://registry.npmjs.org/json5/-/json5-2.2.3.tgz",
            "integrity": "sha512-XmOWe7eyHYH14cLdVPoyg+GOH3rYX++KpzrylJwSW98t3Nk+U8XOl8FWKOgwtzdb8lXGf6zYwDUzeHMWfxasyg==",
            "bin": {
                "json5": "lib/cli.js"
            },
            "engines": {
                "node": ">=6"
            }
        },
        "node_modules/mm_expand": {
            "version": "1.5.4",
            "resolved": "https://registry.npmjs.org/mm_expand/-/mm_expand-1.5.4.tgz",
            "integrity": "sha512-H/P1wWu4rAqwPTEOeA7b85fVZc1WKpN5XDRKXCljNY4887T3VXI1IOPWf92Tl7dfzKSy5gndvd6F+0237GyihA==",
            "dependencies": {
                "fast-xml-parser": "^3.15.1",
                "json5": "^2.1.1",
                "pinyinlite": "^1.2.1"
            }
        },
        "node_modules/pinyinlite": {
            "version": "1.2.1",
            "resolved": "https://registry.npmjs.org/pinyinlite/-/pinyinlite-1.2.1.tgz",
            "integrity": "sha512-e3IQDbgoirNXRowOkVE5GOOWEMjugD5FX+GpQkktHpUgN4TppI3WV95CCbpsx/CtE0yLP0fHx0f/5KM4sOLrow=="
        },
        "node_modules/strnum": {
            "version": "1.0.5",
            "resolved": "https://registry.npmjs.org/strnum/-/strnum-1.0.5.tgz",
            "integrity": "sha512-J8bbNyKKXl5qYcR36TIO8W3mVGVHrmmxsd5PAItGkmyzwJvybiw2IVq5nqd0i4LSNSkB/sx9VHllbfFdr9k1JA=="
        }
    },
    "dependencies": {
        "fast-xml-parser": {
            "version": "3.21.1",
            "resolved": "https://registry.npmjs.org/fast-xml-parser/-/fast-xml-parser-3.21.1.tgz",
            "integrity": "sha512-FTFVjYoBOZTJekiUsawGsSYV9QL0A+zDYCRj7y34IO6Jg+2IMYEtQa+bbictpdpV8dHxXywqU7C0gRDEOFtBFg==",
            "requires": {
                "strnum": "^1.0.4"
            }
        },
        "json5": {
            "version": "2.2.3",
            "resolved": "https://registry.npmjs.org/json5/-/json5-2.2.3.tgz",
            "integrity": "sha512-XmOWe7eyHYH14cLdVPoyg+GOH3rYX++KpzrylJwSW98t3Nk+U8XOl8FWKOgwtzdb8lXGf6zYwDUzeHMWfxasyg=="
        },
        "mm_expand": {
            "version": "1.5.4",
            "resolved": "https://registry.npmjs.org/mm_expand/-/mm_expand-1.5.4.tgz",
            "integrity": "sha512-H/P1wWu4rAqwPTEOeA7b85fVZc1WKpN5XDRKXCljNY4887T3VXI1IOPWf92Tl7dfzKSy5gndvd6F+0237GyihA==",
            "requires": {
                "fast-xml-parser": "^3.15.1",
                "json5": "^2.1.1",
                "pinyinlite": "^1.2.1"
            }
        },
        "pinyinlite": {
            "version": "1.2.1",
            "resolved": "https://registry.npmjs.org/pinyinlite/-/pinyinlite-1.2.1.tgz",
            "integrity": "sha512-e3IQDbgoirNXRowOkVE5GOOWEMjugD5FX+GpQkktHpUgN4TppI3WV95CCbpsx/CtE0yLP0fHx0f/5KM4sOLrow=="
        },
        "strnum": {
            "version": "1.0.5",
            "resolved": "https://registry.npmjs.org/strnum/-/strnum-1.0.5.tgz",
            "integrity": "sha512-J8bbNyKKXl5qYcR36TIO8W3mVGVHrmmxsd5PAItGkmyzwJvybiw2IVq5nqd0i4LSNSkB/sx9VHllbfFdr9k1JA=="
        }
    }
}
